
Microsoft Visual Studio Solution File, Format Version 12.00
# Visual Studio Version 17
VisualStudioVersion = 17.8.34330.188
MinimumVisualStudioVersion = 10.0.40219.1
Project("{FAE04EC0-301F-11D3-BF4B-00C04F79EFBC}") = "MyFirstWeb_Card", "MyFirstWeb_Card.csproj", "{8AFAE1F0-D90C-4A72-9147-F0343871E79C}"
EndProject
Global
	GlobalSection(SolutionConfigurationPlatforms) = preSolution
		Debug|Any CPU = Debug|Any CPU
		Release|Any CPU = Release|Any CPU
	EndGlobalSection
	GlobalSection(ProjectConfigurationPlatforms) = postSolution
		{8AFAE1F0-D90C-4A72-9147-F0343871E79C}.Debug|Any CPU.ActiveCfg = Debug|Any CPU
		{8AFAE1F0-D90C-4A72-9147-F0343871E79C}.Debug|Any CPU.Build.0 = Debug|Any CPU
		{8AFAE1F0-D90C-4A72-9147-F0343871E79C}.Release|Any CPU.ActiveCfg = Release|Any CPU
		{8AFAE1F0-D90C-4A72-9147-F0343871E79C}.Release|Any CPU.Build.0 = Release|Any CPU
	EndGlobalSection
	GlobalSection(SolutionProperties) = preSolution
		HideSolutionNode = FALSE
	EndGlobalSection
	GlobalSection(ExtensibilityGlobals) = postSolution
		SolutionGuid = {41AB16DA-9B5E-477A-A1F5-357469F9D18C}
	EndGlobalSection
EndGlobal
